
Microsoft Visual Studio Solution File, Format Version 12.00
# Visual Studio Version 17
VisualStudioVersion = 17.13.35913.81 d17.13
MinimumVisualStudioVersion = 10.0.40219.1
Project("{FAE04EC0-301F-11D3-BF4B-00C04F79EFBC}") = "GyumolcsKonzol", "GyumolcsKonzol\GyumolcsKonzol.csproj", "{62DF8951-C4B6-452B-9DB7-D96F6028446F}"
EndProject
Global
	GlobalSection(SolutionConfigurationPlatforms) = preSolution
		Debug|Any CPU = Debug|Any CPU
		Release|Any CPU = Release|Any CPU
	EndGlobalSection
	GlobalSection(ProjectConfigurationPlatforms) = postSolution
		{62DF8951-C4B6-452B-9DB7-D96F6028446F}.Debug|Any CPU.ActiveCfg = Debug|Any CPU
		{62DF8951-C4B6-452B-9DB7-D96F6028446F}.Debug|Any CPU.Build.0 = Debug|Any CPU
		{62DF8951-C4B6-452B-9DB7-D96F6028446F}.Release|Any CPU.ActiveCfg = Release|Any CPU
		{62DF8951-C4B6-452B-9DB7-D96F6028446F}.Release|Any CPU.Build.0 = Release|Any CPU
	EndGlobalSection
	GlobalSection(SolutionProperties) = preSolution
		HideSolutionNode = FALSE
	EndGlobalSection
	GlobalSection(ExtensibilityGlobals) = postSolution
		SolutionGuid = {52757111-D255-43CD-9BEC-B0C1C53891F2}
	EndGlobalSection
EndGlobal
